// !$*UTF8*$!
{
	archiveVersion = 1;
	classes = {
	};
	objectVersion = 50;
	objects = {

/* Begin PBXBuildFile section */
		5C11C85B22924ADD00E2736F /* ChatlogController.swift in Sources */ = {isa = PBXBuildFile; fileRef = 5C11C85A22924ADD00E2736F /* ChatlogController.swift */; };
		5C11C85E22924BC900E2736F /* Chat.storyboard in Resources */ = {isa = PBXBuildFile; fileRef = 5C11C85D22924BC900E2736F /* Chat.storyboard */; };
		5C11C860229288F400E2736F /* Message.swift in Sources */ = {isa = PBXBuildFile; fileRef = 5C11C85F229288F400E2736F /* Message.swift */; };
		5C11C8622292B5AC00E2736F /* ChatMessageViewCell.swift in Sources */ = {isa = PBXBuildFile; fileRef = 5C11C8612292B5AC00E2736F /* ChatMessageViewCell.swift */; };
		5C3A7133228F8FE8005B3BCA /* AppDelegate.swift in Sources */ = {isa = PBXBuildFile; fileRef = 5C3A7132228F8FE8005B3BCA /* AppDelegate.swift */; };
		5C3A7135228F8FE8005B3BCA /* MessagesController.swift in Sources */ = {isa = PBXBuildFile; fileRef = 5C3A7134228F8FE8005B3BCA /* MessagesController.swift */; };
		5C3A7138228F8FE8005B3BCA /* Main.storyboard in Resources */ = {isa = PBXBuildFile; fileRef = 5C3A7136228F8FE8005B3BCA /* Main.storyboard */; };
		5C3A713A228F8FE9005B3BCA /* Assets.xcassets in Resources */ = {isa = PBXBuildFile; fileRef = 5C3A7139228F8FE9005B3BCA /* Assets.xcassets */; };
		5C3A713D228F8FE9005B3BCA /* LaunchScreen.storyboard in Resources */ = {isa = PBXBuildFile; fileRef = 5C3A713B228F8FE9005B3BCA /* LaunchScreen.storyboard */; };
		5C3A7147228F9387005B3BCA /* LoginController.swift in Sources */ = {isa = PBXBuildFile; fileRef = 5C3A7146228F9387005B3BCA /* LoginController.swift */; };
		5C3A714A228F9567005B3BCA /* Color.swift in Sources */ = {isa = PBXBuildFile; fileRef = 5C3A7149228F9567005B3BCA /* Color.swift */; };
		5C3A714C228FA51D005B3BCA /* GoogleService-Info.plist in Resources */ = {isa = PBXBuildFile; fileRef = 5C3A714B228FA51D005B3BCA /* GoogleService-Info.plist */; };
		5C3A714E228FC1E1005B3BCA /* NewMessageController.swift in Sources */ = {isa = PBXBuildFile; fileRef = 5C3A714D228FC1E1005B3BCA /* NewMessageController.swift */; };
		7C37D6442F125074832407ED /* Pods_AppChat.framework in Frameworks */ = {isa = PBXBuildFile; fileRef = A1B2C571AA0AE8843BE485B8 /* Pods_AppChat.framework */; };
		DCBFDDC2228FE83E006FBF70 /* User.swift in Sources */ = {isa = PBXBuildFile; fileRef = DCBFDDC1228FE83E006FBF70 /* User.swift */; };
		DCBFDDC5228FEB8A006FBF70 /* UserTableViewCell.swift in Sources */ = {isa = PBXBuildFile; fileRef = DCBFDDC4228FEB8A006FBF70 /* UserTableViewCell.swift */; };
		DCBFDDC822900CEF006FBF70 /* Extension+UIImage.swift in Sources */ = {isa = PBXBuildFile; fileRef = DCBFDDC722900CEF006FBF70 /* Extension+UIImage.swift */; };
/* End PBXBuildFile section */

/* Begin PBXFileReference section */
		5C11C85A22924ADD00E2736F /* ChatlogController.swift */ = {isa = PBXFileReference; lastKnownFileType = sourcecode.swift; path = ChatlogController.swift; sourceTree = "<group>"; };
		5C11C85D22924BC900E2736F /* Chat.storyboard */ = {isa = PBXFileReference; lastKnownFileType = file.storyboard; path = Chat.storyboard; sourceTree = "<group>"; };
		5C11C85F229288F400E2736F /* Message.swift */ = {isa = PBXFileReference; lastKnownFileType = sourcecode.swift; path = Message.swift; sourceTree = "<group>"; };
		5C11C8612292B5AC00E2736F /* ChatMessageViewCell.swift */ = {isa = PBXFileReference; lastKnownFileType = sourcecode.swift; path = ChatMessageViewCell.swift; sourceTree = "<group>"; };
		5C3A712F228F8FE8005B3BCA /* AppChat.app */ = {isa = PBXFileReference; explicitFileType = wrapper.application; includeInIndex = 0; path = AppChat.app; sourceTree = BUILT_PRODUCTS_DIR; };
		5C3A7132228F8FE8005B3BCA /* AppDelegate.swift */ = {isa = PBXFileReference; lastKnownFileType = sourcecode.swift; path = AppDelegate.swift; sourceTree = "<group>"; };
		5C3A7134228F8FE8005B3BCA /* MessagesController.swift */ = {isa = PBXFileReference; lastKnownFileType = sourcecode.swift; path = MessagesController.swift; sourceTree = "<group>"; };
		5C3A7137228F8FE8005B3BCA /* Base */ = {isa = PBXFileReference; lastKnownFileType = file.storyboard; name = Base; path = Base.lproj/Main.storyboard; sourceTree = "<group>"; };
		5C3A7139228F8FE9005B3BCA /* Assets.xcassets */ = {isa = PBXFileReference; lastKnownFileType = folder.assetcatalog; path = Assets.xcassets; sourceTree = "<group>"; };
		5C3A713C228F8FE9005B3BCA /* Base */ = {isa = PBXFileReference; lastKnownFileType = file.storyboard; name = Base; path = Base.lproj/LaunchScreen.storyboard; sourceTree = "<group>"; };
		5C3A713E228F8FE9005B3BCA /* Info.plist */ = {isa = PBXFileReference; lastKnownFileType = text.plist.xml; path = Info.plist; sourceTree = "<group>"; };
		5C3A7146228F9387005B3BCA /* LoginController.swift */ = {isa = PBXFileReference; lastKnownFileType = sourcecode.swift; path = LoginController.swift; sourceTree = "<group>"; };
		5C3A7149228F9567005B3BCA /* Color.swift */ = {isa = PBXFileReference; lastKnownFileType = sourcecode.swift; path = Color.swift; sourceTree = "<group>"; };
		5C3A714B228FA51D005B3BCA /* GoogleService-Info.plist */ = {isa = PBXFileReference; fileEncoding = 4; lastKnownFileType = text.plist.xml; path = "GoogleService-Info.plist"; sourceTree = "<group>"; };
		5C3A714D228FC1E1005B3BCA /* NewMessageController.swift */ = {isa = PBXFileReference; lastKnownFileType = sourcecode.swift; path = NewMessageController.swift; sourceTree = "<group>"; };
		A1B2C571AA0AE8843BE485B8 /* Pods_AppChat.framework */ = {isa = PBXFileReference; explicitFileType = wrapper.framework; includeInIndex = 0; path = Pods_AppChat.framework; sourceTree = BUILT_PRODUCTS_DIR; };
		B27D9DD11A215FF17DD3E8CF /* Pods-AppChat.release.xcconfig */ = {isa = PBXFileReference; includeInIndex = 1; lastKnownFileType = text.xcconfig; name = "Pods-AppChat.release.xcconfig"; path = "Target Support Files/Pods-AppChat/Pods-AppChat.release.xcconfig"; sourceTree = "<group>"; };
		DCBFDDC1228FE83E006FBF70 /* User.swift */ = {isa = PBXFileReference; lastKnownFileType = sourcecode.swift; path = User.swift; sourceTree = "<group>"; };
		DCBFDDC4228FEB8A006FBF70 /* UserTableViewCell.swift */ = {isa = PBXFileReference; lastKnownFileType = sourcecode.swift; path = UserTableViewCell.swift; sourceTree = "<group>"; };
		DCBFDDC722900CEF006FBF70 /* Extension+UIImage.swift */ = {isa = PBXFileReference; lastKnownFileType = sourcecode.swift; path = "Extension+UIImage.swift"; sourceTree = "<group>"; };
		ED6D99932AAADF44AF150B3E /* Pods-AppChat.debug.xcconfig */ = {isa = PBXFileReference; includeInIndex = 1; lastKnownFileType = text.xcconfig; name = "Pods-AppChat.debug.xcconfig"; path = "Target Support Files/Pods-AppChat/Pods-AppChat.debug.xcconfig"; sourceTree = "<group>"; };
/* End PBXFileReference section */

/* Begin PBXFrameworksBuildPhase section */
		5C3A712C228F8FE8005B3BCA /* Frameworks */ = {
			isa = PBXFrameworksBuildPhase;
			buildActionMask = 2147483647;
			files = (
				7C37D6442F125074832407ED /* Pods_AppChat.framework in Frameworks */,
			);
			runOnlyForDeploymentPostprocessing = 0;
		};
/* End PBXFrameworksBuildPhase section */

/* Begin PBXGroup section */
		3FBB08835EC609CC522D0B45 /* Pods */ = {
			isa = PBXGroup;
			children = (
				ED6D99932AAADF44AF150B3E /* Pods-AppChat.debug.xcconfig */,
				B27D9DD11A215FF17DD3E8CF /* Pods-AppChat.release.xcconfig */,
			);
			path = Pods;
			sourceTree = "<group>";
		};
		5C11C85722924A9E00E2736F /* Login */ = {
			isa = PBXGroup;
			children = (
				5C3A7146228F9387005B3BCA /* LoginController.swift */,
			);
			path = Login;
			sourceTree = "<group>";
		};
		5C11C85822924AB500E2736F /* Message */ = {
			isa = PBXGroup;
			children = (
				5C3A7134228F8FE8005B3BCA /* MessagesController.swift */,
				5C3A714D228FC1E1005B3BCA /* NewMessageController.swift */,
			);
			path = Message;
			sourceTree = "<group>";
		};
		5C11C85922924AC200E2736F /* Chatlog */ = {
			isa = PBXGroup;
			children = (
				5C11C85A22924ADD00E2736F /* ChatlogController.swift */,
			);
			path = Chatlog;
			sourceTree = "<group>";
		};
		5C11C85C22924BA400E2736F /* Storyboard */ = {
			isa = PBXGroup;
			children = (
				5C3A7136228F8FE8005B3BCA /* Main.storyboard */,
				5C3A713B228F8FE9005B3BCA /* LaunchScreen.storyboard */,
				5C11C85D22924BC900E2736F /* Chat.storyboard */,
			);
			path = Storyboard;
			sourceTree = "<group>";
		};
		5C3A7126228F8FE8005B3BCA = {
			isa = PBXGroup;
			children = (
				5C3A7131228F8FE8005B3BCA /* AppChat */,
				5C3A7130228F8FE8005B3BCA /* Products */,
				3FBB08835EC609CC522D0B45 /* Pods */,
				8378CBAB0551698B91E590CA /* Frameworks */,
			);
			sourceTree = "<group>";
		};
		5C3A7130228F8FE8005B3BCA /* Products */ = {
			isa = PBXGroup;
			children = (
				5C3A712F228F8FE8005B3BCA /* AppChat.app */,
			);
			name = Products;
			sourceTree = "<group>";
		};
		5C3A7131228F8FE8005B3BCA /* AppChat */ = {
			isa = PBXGroup;
			children = (
				5C3A7132228F8FE8005B3BCA /* AppDelegate.swift */,
				5C11C85C22924BA400E2736F /* Storyboard */,
				5C3A7145228F9361005B3BCA /* Controller */,
				DCBFDDC0228FE831006FBF70 /* Model */,
				DCBFDDC622900CAD006FBF70 /* Helpers */,
				5C3A713E228F8FE9005B3BCA /* Info.plist */,
			);
			path = AppChat;
			sourceTree = "<group>";
		};
		5C3A7145228F9361005B3BCA /* Controller */ = {
			isa = PBXGroup;
			children = (
				5C11C85922924AC200E2736F /* Chatlog */,
				5C11C85822924AB500E2736F /* Message */,
				5C11C85722924A9E00E2736F /* Login */,
				DCBFDDC3228FEB6F006FBF70 /* Cell */,
			);
			path = Controller;
			sourceTree = "<group>";
		};
		5C3A7148228F9547005B3BCA /* Extension */ = {
			isa = PBXGroup;
			children = (
				5C3A7149228F9567005B3BCA /* Color.swift */,
				DCBFDDC722900CEF006FBF70 /* Extension+UIImage.swift */,
			);
			path = Extension;
			sourceTree = "<group>";
		};
		8378CBAB0551698B91E590CA /* Frameworks */ = {
			isa = PBXGroup;
			children = (
				A1B2C571AA0AE8843BE485B8 /* Pods_AppChat.framework */,
			);
			name = Frameworks;
			sourceTree = "<group>";
		};
		DCBFDDC0228FE831006FBF70 /* Model */ = {
			isa = PBXGroup;
			children = (
				DCBFDDC1228FE83E006FBF70 /* User.swift */,
				5C11C85F229288F400E2736F /* Message.swift */,
			);
			path = Model;
			sourceTree = "<group>";
		};
		DCBFDDC3228FEB6F006FBF70 /* Cell */ = {
			isa = PBXGroup;
			children = (
				DCBFDDC4228FEB8A006FBF70 /* UserTableViewCell.swift */,
				5C11C8612292B5AC00E2736F /* ChatMessageViewCell.swift */,
			);
			path = Cell;
			sourceTree = "<group>";
		};
		DCBFDDC622900CAD006FBF70 /* Helpers */ = {
			isa = PBXGroup;
			children = (
				5C3A714B228FA51D005B3BCA /* GoogleService-Info.plist */,
				5C3A7139228F8FE9005B3BCA /* Assets.xcassets */,
				5C3A7148228F9547005B3BCA /* Extension */,
			);
			path = Helpers;
			sourceTree = "<group>";
		};
/* End PBXGroup section */

/* Begin PBXNativeTarget section */
		5C3A712E228F8FE8005B3BCA /* AppChat */ = {
			isa = PBXNativeTarget;
			buildConfigurationList = 5C3A7141228F8FE9005B3BCA /* Build configuration list for PBXNativeTarget "AppChat" */;
			buildPhases = (
				5E794035757CE60AE4A54C44 /* [CP] Check Pods Manifest.lock */,
				5C3A712B228F8FE8005B3BCA /* Sources */,
				5C3A712C228F8FE8005B3BCA /* Frameworks */,
				5C3A712D228F8FE8005B3BCA /* Resources */,
				01FCE7D0A72D5CD0E7288383 /* [CP] Embed Pods Frameworks */,
			);
			buildRules = (
			);
			dependencies = (
			);
			name = AppChat;
			productName = AppChat;
			productReference = 5C3A712F228F8FE8005B3BCA /* AppChat.app */;
			productType = "com.apple.product-type.application";
		};
/* End PBXNativeTarget section */

/* Begin PBXProject section */
		5C3A7127228F8FE8005B3BCA /* Project object */ = {
			isa = PBXProject;
			attributes = {
				LastSwiftUpdateCheck = 1020;
				LastUpgradeCheck = 1020;
				ORGANIZATIONNAME = Simson;
				TargetAttributes = {
					5C3A712E228F8FE8005B3BCA = {
						CreatedOnToolsVersion = 10.2.1;
					};
				};
			};
			buildConfigurationList = 5C3A712A228F8FE8005B3BCA /* Build configuration list for PBXProject "AppChat" */;
			compatibilityVersion = "Xcode 9.3";
			developmentRegion = en;
			hasScannedForEncodings = 0;
			knownRegions = (
				en,
				Base,
			);
			mainGroup = 5C3A7126228F8FE8005B3BCA;
			productRefGroup = 5C3A7130228F8FE8005B3BCA /* Products */;
			projectDirPath = "";
			projectRoot = "";
			targets = (
				5C3A712E228F8FE8005B3BCA /* AppChat */,
			);
		};
/* End PBXProject section */

/* Begin PBXResourcesBuildPhase section */
		5C3A712D228F8FE8005B3BCA /* Resources */ = {
			isa = PBXResourcesBuildPhase;
			buildActionMask = 2147483647;
			files = (
				5C3A713D228F8FE9005B3BCA /* LaunchScreen.storyboard in Resources */,
				5C3A714C228FA51D005B3BCA /* GoogleService-Info.plist in Resources */,
				5C3A713A228F8FE9005B3BCA /* Assets.xcassets in Resources */,
				5C11C85E22924BC900E2736F /* Chat.storyboard in Resources */,
				5C3A7138228F8FE8005B3BCA /* Main.storyboard in Resources */,
			);
			runOnlyForDeploymentPostprocessing = 0;
		};
/* End PBXResourcesBuildPhase section */

/* Begin PBXShellScriptBuildPhase section */
		01FCE7D0A72D5CD0E7288383 /* [CP] Embed Pods Frameworks */ = {
			isa = PBXShellScriptBuildPhase;
			buildActionMask = 2147483647;
			files = (
			);
			inputFileListPaths = (
			);
			inputPaths = (
				"${PODS_ROOT}/Target Support Files/Pods-AppChat/Pods-AppChat-frameworks.sh",
				"${BUILT_PRODUCTS_DIR}/BoringSSL-GRPC/openssl_grpc.framework",
				"${BUILT_PRODUCTS_DIR}/GTMSessionFetcher/GTMSessionFetcher.framework",
				"${BUILT_PRODUCTS_DIR}/GoogleUtilities/GoogleUtilities.framework",
				"${BUILT_PRODUCTS_DIR}/Protobuf/Protobuf.framework",
				"${BUILT_PRODUCTS_DIR}/gRPC-C++/grpcpp.framework",
				"${BUILT_PRODUCTS_DIR}/gRPC-Core/grpc.framework",
				"${BUILT_PRODUCTS_DIR}/leveldb-library/leveldb.framework",
				"${BUILT_PRODUCTS_DIR}/nanopb/nanopb.framework",
			);
			name = "[CP] Embed Pods Frameworks";
			outputFileListPaths = (
			);
			outputPaths = (
				"${TARGET_BUILD_DIR}/${FRAMEWORKS_FOLDER_PATH}/openssl_grpc.framework",
				"${TARGET_BUILD_DIR}/${FRAMEWORKS_FOLDER_PATH}/GTMSessionFetcher.framework",
				"${TARGET_BUILD_DIR}/${FRAMEWORKS_FOLDER_PATH}/GoogleUtilities.framework",
				"${TARGET_BUILD_DIR}/${FRAMEWORKS_FOLDER_PATH}/Protobuf.framework",
				"${TARGET_BUILD_DIR}/${FRAMEWORKS_FOLDER_PATH}/grpcpp.framework",
				"${TARGET_BUILD_DIR}/${FRAMEWORKS_FOLDER_PATH}/grpc.framework",
				"${TARGET_BUILD_DIR}/${FRAMEWORKS_FOLDER_PATH}/leveldb.framework",
				"${TARGET_BUILD_DIR}/${FRAMEWORKS_FOLDER_PATH}/nanopb.framework",
			);
			runOnlyForDeploymentPostprocessing = 0;
			shellPath = /bin/sh;
			shellScript = "\"${PODS_ROOT}/Target Support Files/Pods-AppChat/Pods-AppChat-frameworks.sh\"\n";
			showEnvVarsInLog = 0;
		};
		5E794035757CE60AE4A54C44 /* [CP] Check Pods Manifest.lock */ = {
			isa = PBXShellScriptBuildPhase;
			buildActionMask = 2147483647;
			files = (
			);
			inputFileListPaths = (
			);
			inputPaths = (
				"${PODS_PODFILE_DIR_PATH}/Podfile.lock",
				"${PODS_ROOT}/Manifest.lock",
			);
			name = "[CP] Check Pods Manifest.lock";
			outputFileListPaths = (
			);
			outputPaths = (
				"$(DERIVED_FILE_DIR)/Pods-AppChat-checkManifestLockResult.txt",
			);
			runOnlyForDeploymentPostprocessing = 0;
			shellPath = /bin/sh;
			shellScript = "diff \"${PODS_PODFILE_DIR_PATH}/Podfile.lock\" \"${PODS_ROOT}/Manifest.lock\" > /dev/null\nif [ $? != 0 ] ; then\n    # print error to STDERR\n    echo \"error: The sandbox is not in sync with the Podfile.lock. Run 'pod install' or update your CocoaPods installation.\" >&2\n    exit 1\nfi\n# This output is used by Xcode 'outputs' to avoid re-running this script phase.\necho \"SUCCESS\" > \"${SCRIPT_OUTPUT_FILE_0}\"\n";
			showEnvVarsInLog = 0;
		};
/* End PBXShellScriptBuildPhase section */

/* Begin PBXSourcesBuildPhase section */
		5C3A712B228F8FE8005B3BCA /* Sources */ = {
			isa = PBXSourcesBuildPhase;
			buildActionMask = 2147483647;
			files = (
				5C11C85B22924ADD00E2736F /* ChatlogController.swift in Sources */,
				5C3A7135228F8FE8005B3BCA /* MessagesController.swift in Sources */,
				5C3A714E228FC1E1005B3BCA /* NewMessageController.swift in Sources */,
				DCBFDDC5228FEB8A006FBF70 /* UserTableViewCell.swift in Sources */,
				DCBFDDC822900CEF006FBF70 /* Extension+UIImage.swift in Sources */,
				5C11C8622292B5AC00E2736F /* ChatMessageViewCell.swift in Sources */,
				DCBFDDC2228FE83E006FBF70 /* User.swift in Sources */,
				5C3A714A228F9567005B3BCA /* Color.swift in Sources */,
				5C11C860229288F400E2736F /* Message.swift in Sources */,
				5C3A7147228F9387005B3BCA /* LoginController.swift in Sources */,
				5C3A7133228F8FE8005B3BCA /* AppDelegate.swift in Sources */,
			);
			runOnlyForDeploymentPostprocessing = 0;
		};
/* End PBXSourcesBuildPhase section */

/* Begin PBXVariantGroup section */
		5C3A7136228F8FE8005B3BCA /* Main.storyboard */ = {
			isa = PBXVariantGroup;
			children = (
				5C3A7137228F8FE8005B3BCA /* Base */,
			);
			name = Main.storyboard;
			sourceTree = "<group>";
		};
		5C3A713B228F8FE9005B3BCA /* LaunchScreen.storyboard */ = {
			isa = PBXVariantGroup;
			children = (
				5C3A713C228F8FE9005B3BCA /* Base */,
			);
			name = LaunchScreen.storyboard;
			sourceTree = "<group>";
		};
/* End PBXVariantGroup section */

/* Begin XCBuildConfiguration section */
		5C3A713F228F8FE9005B3BCA /* Debug */ = {
			isa = XCBuildConfiguration;
			buildSettings = {
				ALWAYS_SEARCH_USER_PATHS = NO;
				CLANG_ANALYZER_NONNULL = YES;
				CLANG_ANALYZER_NUMBER_OBJECT_CONVERSION = YES_AGGRESSIVE;
				CLANG_CXX_LANGUAGE_STANDARD = "gnu++14";
				CLANG_CXX_LIBRARY = "libc++";
				CLANG_ENABLE_MODULES = YES;
				CLANG_ENABLE_OBJC_ARC = YES;
				CLANG_ENABLE_OBJC_WEAK = YES;
				CLANG_WARN_BLOCK_CAPTURE_AUTORELEASING = YES;
				CLANG_WARN_BOOL_CONVERSION = YES;
				CLANG_WARN_COMMA = YES;
				CLANG_WARN_CONSTANT_CONVERSION = YES;
				CLANG_WARN_DEPRECATED_OBJC_IMPLEMENTATIONS = YES;
				CLANG_WARN_DIRECT_OBJC_ISA_USAGE = YES_ERROR;
				CLANG_WARN_DOCUMENTATION_COMMENTS = YES;
				CLANG_WARN_EMPTY_BODY = YES;
				CLANG_WARN_ENUM_CONVERSION = YES;
				CLANG_WARN_INFINITE_RECURSION = YES;
				CLANG_WARN_INT_CONVERSION = YES;
				CLANG_WARN_NON_LITERAL_NULL_CONVERSION = YES;
				CLANG_WARN_OBJC_IMPLICIT_RETAIN_SELF = YES;
				CLANG_WARN_OBJC_LITERAL_CONVERSION = YES;
				CLANG_WARN_OBJC_ROOT_CLASS = YES_ERROR;
				CLANG_WARN_RANGE_LOOP_ANALYSIS = YES;
				CLANG_WARN_STRICT_PROTOTYPES = YES;
				CLANG_WARN_SUSPICIOUS_MOVE = YES;
				CLANG_WARN_UNGUARDED_AVAILABILITY = YES_AGGRESSIVE;
				CLANG_WARN_UNREACHABLE_CODE = YES;
				CLANG_WARN__DUPLICATE_METHOD_MATCH = YES;
				CODE_SIGN_IDENTITY = "iPhone Developer";
				COPY_PHASE_STRIP = NO;
				DEBUG_INFORMATION_FORMAT = dwarf;
				ENABLE_STRICT_OBJC_MSGSEND = YES;
				ENABLE_TESTABILITY = YES;
				GCC_C_LANGUAGE_STANDARD = gnu11;
				GCC_DYNAMIC_NO_PIC = NO;
				GCC_NO_COMMON_BLOCKS = YES;
				GCC_OPTIMIZATION_LEVEL = 0;
				GCC_PREPROCESSOR_DEFINITIONS = (
					"DEBUG=1",
					"$(inherited)",
				);
				GCC_WARN_64_TO_32_BIT_CONVERSION = YES;
				GCC_WARN_ABOUT_RETURN_TYPE = YES_ERROR;
				GCC_WARN_UNDECLARED_SELECTOR = YES;
				GCC_WARN_UNINITIALIZED_AUTOS = YES_AGGRESSIVE;
				GCC_WARN_UNUSED_FUNCTION = YES;
				GCC_WARN_UNUSED_VARIABLE = YES;
				IPHONEOS_DEPLOYMENT_TARGET = 12.2;
				MTL_ENABLE_DEBUG_INFO = INCLUDE_SOURCE;
				MTL_FAST_MATH = YES;
				ONLY_ACTIVE_ARCH = YES;
				SDKROOT = iphoneos;
				SWIFT_ACTIVE_COMPILATION_CONDITIONS = DEBUG;
				SWIFT_OPTIMIZATION_LEVEL = "-Onone";
			};
			name = Debug;
		};
		5C3A7140228F8FE9005B3BCA /* Release */ = {
			isa = XCBuildConfiguration;
			buildSettings = {
				ALWAYS_SEARCH_USER_PATHS = NO;
				CLANG_ANALYZER_NONNULL = YES;
				CLANG_ANALYZER_NUMBER_OBJECT_CONVERSION = YES_AGGRESSIVE;
				CLANG_CXX_LANGUAGE_STANDARD = "gnu++14";
				CLANG_CXX_LIBRARY = "libc++";
				CLANG_ENABLE_MODULES = YES;
				CLANG_ENABLE_OBJC_ARC = YES;
				CLANG_ENABLE_OBJC_WEAK = YES;
				CLANG_WARN_BLOCK_CAPTURE_AUTORELEASING = YES;
				CLANG_WARN_BOOL_CONVERSION = YES;
				CLANG_WARN_COMMA = YES;
				CLANG_WARN_CONSTANT_CONVERSION = YES;
				CLANG_WARN_DEPRECATED_OBJC_IMPLEMENTATIONS = YES;
				CLANG_WARN_DIRECT_OBJC_ISA_USAGE = YES_ERROR;
				CLANG_WARN_DOCUMENTATION_COMMENTS = YES;
				CLANG_WARN_EMPTY_BODY = YES;
				CLANG_WARN_ENUM_CONVERSION = YES;
				CLANG_WARN_INFINITE_RECURSION = YES;
				CLANG_WARN_INT_CONVERSION = YES;
				CLANG_WARN_NON_LITERAL_NULL_CONVERSION = YES;
				CLANG_WARN_OBJC_IMPLICIT_RETAIN_SELF = YES;
				CLANG_WARN_OBJC_LITERAL_CONVERSION = YES;
				CLANG_WARN_OBJC_ROOT_CLASS = YES_ERROR;
				CLANG_WARN_RANGE_LOOP_ANALYSIS = YES;
				CLANG_WARN_STRICT_PROTOTYPES = YES;
				CLANG_WARN_SUSPICIOUS_MOVE = YES;
				CLANG_WARN_UNGUARDED_AVAILABILITY = YES_AGGRESSIVE;
				CLANG_WARN_UNREACHABLE_CODE = YES;
				CLANG_WARN__DUPLICATE_METHOD_MATCH = YES;
				CODE_SIGN_IDENTITY = "iPhone Developer";
				COPY_PHASE_STRIP = NO;
				DEBUG_INFORMATION_FORMAT = "dwarf-with-dsym";
				ENABLE_NS_ASSERTIONS = NO;
				ENABLE_STRICT_OBJC_MSGSEND = YES;
				GCC_C_LANGUAGE_STANDARD = gnu11;
				GCC_NO_COMMON_BLOCKS = YES;
				GCC_WARN_64_TO_32_BIT_CONVERSION = YES;
				GCC_WARN_ABOUT_RETURN_TYPE = YES_ERROR;
				GCC_WARN_UNDECLARED_SELECTOR = YES;
				GCC_WARN_UNINITIALIZED_AUTOS = YES_AGGRESSIVE;
				GCC_WARN_UNUSED_FUNCTION = YES;
				GCC_WARN_UNUSED_VARIABLE = YES;
				IPHONEOS_DEPLOYMENT_TARGET = 12.2;
				MTL_ENABLE_DEBUG_INFO = NO;
				MTL_FAST_MATH = YES;
				SDKROOT = iphoneos;
				SWIFT_COMPILATION_MODE = wholemodule;
				SWIFT_OPTIMIZATION_LEVEL = "-O";
				VALIDATE_PRODUCT = YES;
			};
			name = Release;
		};
		5C3A7142228F8FE9005B3BCA /* Debug */ = {
			isa = XCBuildConfiguration;
			baseConfigurationReference = ED6D99932AAADF44AF150B3E /* Pods-AppChat.debug.xcconfig */;
			buildSettings = {
				ASSETCATALOG_COMPILER_APPICON_NAME = AppIcon;
				CODE_SIGN_STYLE = Automatic;
				DEVELOPMENT_TEAM = 82A2P4DLW8;
				INFOPLIST_FILE = AppChat/Info.plist;
				IPHONEOS_DEPLOYMENT_TARGET = 10.0;
				LD_RUNPATH_SEARCH_PATHS = (
					"$(inherited)",
					"@executable_path/Frameworks",
				);
				PRODUCT_BUNDLE_IDENTIFIER = com.simson.AppChat;
				PRODUCT_NAME = "$(TARGET_NAME)";
				SWIFT_VERSION = 4.2;
				TARGETED_DEVICE_FAMILY = "1,2";
			};
			name = Debug;
		};
		5C3A7143228F8FE9005B3BCA /* Release */ = {
			isa = XCBuildConfiguration;
			baseConfigurationReference = B27D9DD11A215FF17DD3E8CF /* Pods-AppChat.release.xcconfig */;
			buildSettings = {
				ASSETCATALOG_COMPILER_APPICON_NAME = AppIcon;
				CODE_SIGN_STYLE = Automatic;
				DEVELOPMENT_TEAM = 82A2P4DLW8;
				INFOPLIST_FILE = AppChat/Info.plist;
				IPHONEOS_DEPLOYMENT_TARGET = 10.0;
				LD_RUNPATH_SEARCH_PATHS = (
					"$(inherited)",
					"@executable_path/Frameworks",
				);
				PRODUCT_BUNDLE_IDENTIFIER = com.simson.AppChat;
				PRODUCT_NAME = "$(TARGET_NAME)";
				SWIFT_VERSION = 4.2;
				TARGETED_DEVICE_FAMILY = "1,2";
			};
			name = Release;
		};
/* End XCBuildConfiguration section */

/* Begin XCConfigurationList section */
		5C3A712A228F8FE8005B3BCA /* Build configuration list for PBXProject "AppChat" */ = {
			isa = XCConfigurationList;
			buildConfigurations = (
				5C3A713F228F8FE9005B3BCA /* Debug */,
				5C3A7140228F8FE9005B3BCA /* Release */,
			);
			defaultConfigurationIsVisible = 0;
			defaultConfigurationName = Release;
		};
		5C3A7141228F8FE9005B3BCA /* Build configuration list for PBXNativeTarget "AppChat" */ = {
			isa = XCConfigurationList;
			buildConfigurations = (
				5C3A7142228F8FE9005B3BCA /* Debug */,
				5C3A7143228F8FE9005B3BCA /* Release */,
			);
			defaultConfigurationIsVisible = 0;
			defaultConfigurationName = Release;
		};
/* End XCConfigurationList section */
	};
	rootObject = 5C3A7127228F8FE8005B3BCA /* Project object */;
}
